
Microsoft Visual Studio Solution File, Format Version 12.00
# Visual Studio Version 17
VisualStudioVersion = 17.9.34701.34
MinimumVisualStudioVersion = 10.0.40219.1
Project("{FAE04EC0-301F-11D3-BF4B-00C04F79EFBC}") = "Backend", "Backend\Backend.csproj", "{A576B137-A8AB-431C-A9F1-E65832418979}"
EndProject
Global
	GlobalSection(SolutionConfigurationPlatforms) = preSolution
		Debug|Any CPU = Debug|Any CPU
		Release|Any CPU = Release|Any CPU
	EndGlobalSection
	GlobalSection(ProjectConfigurationPlatforms) = postSolution
		{A576B137-A8AB-431C-A9F1-E65832418979}.Debug|Any CPU.ActiveCfg = Debug|Any CPU
		{A576B137-A8AB-431C-A9F1-E65832418979}.Debug|Any CPU.Build.0 = Debug|Any CPU
		{A576B137-A8AB-431C-A9F1-E65832418979}.Release|Any CPU.ActiveCfg = Release|Any CPU
		{A576B137-A8AB-431C-A9F1-E65832418979}.Release|Any CPU.Build.0 = Release|Any CPU
	EndGlobalSection
	GlobalSection(SolutionProperties) = preSolution
		HideSolutionNode = FALSE
	EndGlobalSection
	GlobalSection(ExtensibilityGlobals) = postSolution
		SolutionGuid = {14B8262D-F324-4CA4-9E7E-A2A640333C85}
	EndGlobalSection
EndGlobal
